
Microsoft Visual Studio Solution File, Format Version 12.00
# Visual Studio Version 17
VisualStudioVersion = 17.0.31903.59
MinimumVisualStudioVersion = 10.0.40219.1
Project("{2150E333-8FDC-42A3-9474-1A3956D46DE8}") = "src", "src", "{F5C6EB4A-EB2C-4290-A3A0-20BCF0495E4C}"
EndProject
Project("{FAE04EC0-301F-11D3-BF4B-00C04F79EFBC}") = "Core", "src\Core\Core.csproj", "{25651CD9-8FA2-4EFF-895E-416BE2AF9147}"
EndProject
Project("{FAE04EC0-301F-11D3-BF4B-00C04F79EFBC}") = "Worker", "src\Worker\Worker.csproj", "{0185B71C-1F04-407B-941E-C485999C962E}"
EndProject
Global
	GlobalSection(SolutionConfigurationPlatforms) = preSolution
		Debug|Any CPU = Debug|Any CPU
		Release|Any CPU = Release|Any CPU
	EndGlobalSection
	GlobalSection(ProjectConfigurationPlatforms) = postSolution
		{25651CD9-8FA2-4EFF-895E-416BE2AF9147}.Debug|Any CPU.ActiveCfg = Debug|Any CPU
		{25651CD9-8FA2-4EFF-895E-416BE2AF9147}.Debug|Any CPU.Build.0 = Debug|Any CPU
		{25651CD9-8FA2-4EFF-895E-416BE2AF9147}.Release|Any CPU.ActiveCfg = Release|Any CPU
		{25651CD9-8FA2-4EFF-895E-416BE2AF9147}.Release|Any CPU.Build.0 = Release|Any CPU
		{0185B71C-1F04-407B-941E-C485999C962E}.Debug|Any CPU.ActiveCfg = Debug|Any CPU
		{0185B71C-1F04-407B-941E-C485999C962E}.Debug|Any CPU.Build.0 = Debug|Any CPU
		{0185B71C-1F04-407B-941E-C485999C962E}.Release|Any CPU.ActiveCfg = Release|Any CPU
		{0185B71C-1F04-407B-941E-C485999C962E}.Release|Any CPU.Build.0 = Release|Any CPU
	EndGlobalSection
	GlobalSection(SolutionProperties) = preSolution
		HideSolutionNode = FALSE
	EndGlobalSection
	GlobalSection(NestedProjects) = preSolution
		{25651CD9-8FA2-4EFF-895E-416BE2AF9147} = {F5C6EB4A-EB2C-4290-A3A0-20BCF0495E4C}
		{0185B71C-1F04-407B-941E-C485999C962E} = {F5C6EB4A-EB2C-4290-A3A0-20BCF0495E4C}
	EndGlobalSection
	GlobalSection(ExtensibilityGlobals) = postSolution
		SolutionGuid = {71AA6C71-82DB-4D36-A522-CB103D3363BD}
	EndGlobalSection
EndGlobal
